
Microsoft Visual Studio Solution File, Format Version 12.00
# Visual Studio Version 17
VisualStudioVersion = 17.0.31903.59
MinimumVisualStudioVersion = 10.0.40219.1
Project("{2150E333-8FDC-42A3-9474-1A3956D46DE8}") = "Shared", "Shared", "{4F52FD11-658E-A102-6CD3-7D7C16FFA15B}"
EndProject
Project("{FAE04EC0-301F-11D3-BF4B-00C04F79EFBC}") = "CinemaAbyss.SharedKernel", "src\Shared\CinemaAbyss.SharedKernel\CinemaAbyss.SharedKernel.csproj", "{62ACE01E-0814-41F5-B602-5BC697529C08}"
EndProject
Project("{2150E333-8FDC-42A3-9474-1A3956D46DE8}") = "Monolith", "Monolith", "{568E08D9-C627-9D87-BF1B-5CE72DAF60E7}"
EndProject
Project("{FAE04EC0-301F-11D3-BF4B-00C04F79EFBC}") = "CinemaAbyss.Monolith.Domain", "src\Monolith\CinemaAbyss.Monolith.Domain\CinemaAbyss.Monolith.Domain.csproj", "{25B48B9D-4C49-4C6D-A9B4-E9750709EFC9}"
EndProject
Project("{FAE04EC0-301F-11D3-BF4B-00C04F79EFBC}") = "CinemaAbyss.Monolith.Application", "src\Monolith\CinemaAbyss.Monolith.Application\CinemaAbyss.Monolith.Application.csproj", "{37862F09-BCF3-4632-AF7C-A582099DBB78}"
EndProject
Project("{FAE04EC0-301F-11D3-BF4B-00C04F79EFBC}") = "CinemaAbyss.Monolith.Infrastructure", "src\Monolith\CinemaAbyss.Monolith.Infrastructure\CinemaAbyss.Monolith.Infrastructure.csproj", "{9B88FD59-36D9-4995-819C-19BDACF5F794}"
EndProject
Project("{FAE04EC0-301F-11D3-BF4B-00C04F79EFBC}") = "CinemaAbyss.Monolith.Api", "src\Monolith\CinemaAbyss.Monolith.Api\CinemaAbyss.Monolith.Api.csproj", "{3018FEB1-3D87-4566-93A0-A76613D0A984}"
EndProject
Project("{2150E333-8FDC-42A3-9474-1A3956D46DE8}") = "Tests", "Tests", "{0AB3BF05-4346-4AA6-1389-037BE0695223}"
EndProject
Project("{FAE04EC0-301F-11D3-BF4B-00C04F79EFBC}") = "CinemaAbyss.Monolith.UnitTests", "tests\CinemaAbyss.Monolith.UnitTests\CinemaAbyss.Monolith.UnitTests.csproj", "{28D15808-5D69-4656-96B3-1B4A17213866}"
EndProject
Project("{2150E333-8FDC-42A3-9474-1A3956D46DE8}") = "Movies", "Movies", "{752EEFC6-94E2-3993-0A0E-8EA683D58940}"
EndProject
Project("{FAE04EC0-301F-11D3-BF4B-00C04F79EFBC}") = "CinemaAbyss.Movies.Domain", "src\Movies\CinemaAbyss.Movies.Domain\CinemaAbyss.Movies.Domain.csproj", "{2BFB7656-CA81-4B04-B705-798E649275D5}"
EndProject
Project("{FAE04EC0-301F-11D3-BF4B-00C04F79EFBC}") = "CinemaAbyss.Movies.Application", "src\Movies\CinemaAbyss.Movies.Application\CinemaAbyss.Movies.Application.csproj", "{296D30B3-CC75-4E1F-8210-F9FB14D28DAB}"
EndProject
Project("{FAE04EC0-301F-11D3-BF4B-00C04F79EFBC}") = "CinemaAbyss.Movies.Infrastructure", "src\Movies\CinemaAbyss.Movies.Infrastructure\CinemaAbyss.Movies.Infrastructure.csproj", "{9D4F9261-BC82-43C0-80AA-09748E125AB9}"
EndProject
Project("{FAE04EC0-301F-11D3-BF4B-00C04F79EFBC}") = "CinemaAbyss.Movies.Api", "src\Movies\CinemaAbyss.Movies.Api\CinemaAbyss.Movies.Api.csproj", "{33A1EB11-E3DC-4274-AAF0-1C2D559692C6}"
EndProject
Project("{FAE04EC0-301F-11D3-BF4B-00C04F79EFBC}") = "CinemaAbyss.Movies.UnitTests", "tests\CinemaAbyss.Movies.UnitTests\CinemaAbyss.Movies.UnitTests.csproj", "{EDC4B336-3ECC-461C-BAD5-99ED424D7662}"
EndProject
Project("{2150E333-8FDC-42A3-9474-1A3956D46DE8}") = "Proxy", "Proxy", "{F9C07279-9FC2-56E5-BB47-2338B3B825A0}"
EndProject
Project("{FAE04EC0-301F-11D3-BF4B-00C04F79EFBC}") = "CinemaAbyss.Proxy.Domain", "src\Proxy\CinemaAbyss.Proxy.Domain\CinemaAbyss.Proxy.Domain.csproj", "{7D414701-2DBB-4367-9011-E8BDF1400250}"
EndProject
Project("{FAE04EC0-301F-11D3-BF4B-00C04F79EFBC}") = "CinemaAbyss.Proxy.Application", "src\Proxy\CinemaAbyss.Proxy.Application\CinemaAbyss.Proxy.Application.csproj", "{F6B6C2B9-45A9-489D-A48F-732079B3FC75}"
EndProject
Project("{FAE04EC0-301F-11D3-BF4B-00C04F79EFBC}") = "CinemaAbyss.Proxy.Infrastructure", "src\Proxy\CinemaAbyss.Proxy.Infrastructure\CinemaAbyss.Proxy.Infrastructure.csproj", "{5832D43C-D3EE-4D7D-9BEA-9E6A6EE5CA18}"
EndProject
Project("{FAE04EC0-301F-11D3-BF4B-00C04F79EFBC}") = "CinemaAbyss.Proxy.Api", "src\Proxy\CinemaAbyss.Proxy.Api\CinemaAbyss.Proxy.Api.csproj", "{9173D9D8-EED3-4768-936C-4E7CA65F8482}"
EndProject
Project("{FAE04EC0-301F-11D3-BF4B-00C04F79EFBC}") = "CinemaAbyss.Proxy.UnitTests", "tests\CinemaAbyss.Proxy.UnitTests\CinemaAbyss.Proxy.UnitTests.csproj", "{73145CE4-58B2-4E29-83B9-62C2F6741956}"
EndProject
Project("{2150E333-8FDC-42A3-9474-1A3956D46DE8}") = "Events", "Events", "{CDDCADCD-9350-8E22-D67F-1D4576D8025F}"
EndProject
Project("{FAE04EC0-301F-11D3-BF4B-00C04F79EFBC}") = "CinemaAbyss.Events.Domain", "src\Events\CinemaAbyss.Events.Domain\CinemaAbyss.Events.Domain.csproj", "{172BD369-83D5-4C61-92FE-5C73EBB46B0D}"
EndProject
Project("{FAE04EC0-301F-11D3-BF4B-00C04F79EFBC}") = "CinemaAbyss.Events.Application", "src\Events\CinemaAbyss.Events.Application\CinemaAbyss.Events.Application.csproj", "{1AEBF20D-0921-4C3C-8DA1-9164B32F5383}"
EndProject
Project("{FAE04EC0-301F-11D3-BF4B-00C04F79EFBC}") = "CinemaAbyss.Events.Infrastructure", "src\Events\CinemaAbyss.Events.Infrastructure\CinemaAbyss.Events.Infrastructure.csproj", "{EAA8F530-CD99-49F4-9E18-8FC78D98E43B}"
EndProject
Project("{FAE04EC0-301F-11D3-BF4B-00C04F79EFBC}") = "CinemaAbyss.Events.Api", "src\Events\CinemaAbyss.Events.Api\CinemaAbyss.Events.Api.csproj", "{1AE8887B-244F-4988-BFA0-BE914C92E995}"
EndProject
Project("{FAE04EC0-301F-11D3-BF4B-00C04F79EFBC}") = "CinemaAbyss.Events.UnitTests", "tests\CinemaAbyss.Events.UnitTests\CinemaAbyss.Events.UnitTests.csproj", "{0ACA922F-0FC9-4B82-B412-7CEC57F7B804}"
EndProject
Global
	GlobalSection(SolutionConfigurationPlatforms) = preSolution
		Debug|Any CPU = Debug|Any CPU
		Debug|x64 = Debug|x64
		Debug|x86 = Debug|x86
		Release|Any CPU = Release|Any CPU
		Release|x64 = Release|x64
		Release|x86 = Release|x86
	EndGlobalSection
	GlobalSection(ProjectConfigurationPlatforms) = postSolution
		{62ACE01E-0814-41F5-B602-5BC697529C08}.Debug|Any CPU.ActiveCfg = Debug|Any CPU
		{62ACE01E-0814-41F5-B602-5BC697529C08}.Debug|Any CPU.Build.0 = Debug|Any CPU
		{62ACE01E-0814-41F5-B602-5BC697529C08}.Debug|x64.ActiveCfg = Debug|Any CPU
		{62ACE01E-0814-41F5-B602-5BC697529C08}.Debug|x64.Build.0 = Debug|Any CPU
		{62ACE01E-0814-41F5-B602-5BC697529C08}.Debug|x86.ActiveCfg = Debug|Any CPU
		{62ACE01E-0814-41F5-B602-5BC697529C08}.Debug|x86.Build.0 = Debug|Any CPU
		{62ACE01E-0814-41F5-B602-5BC697529C08}.Release|Any CPU.ActiveCfg = Release|Any CPU
		{62ACE01E-0814-41F5-B602-5BC697529C08}.Release|Any CPU.Build.0 = Release|Any CPU
		{62ACE01E-0814-41F5-B602-5BC697529C08}.Release|x64.ActiveCfg = Release|Any CPU
		{62ACE01E-0814-41F5-B602-5BC697529C08}.Release|x64.Build.0 = Release|Any CPU
		{62ACE01E-0814-41F5-B602-5BC697529C08}.Release|x86.ActiveCfg = Release|Any CPU
		{62ACE01E-0814-41F5-B602-5BC697529C08}.Release|x86.Build.0 = Release|Any CPU
		{25B48B9D-4C49-4C6D-A9B4-E9750709EFC9}.Debug|Any CPU.ActiveCfg = Debug|Any CPU
		{25B48B9D-4C49-4C6D-A9B4-E9750709EFC9}.Debug|Any CPU.Build.0 = Debug|Any CPU
		{25B48B9D-4C49-4C6D-A9B4-E9750709EFC9}.Debug|x64.ActiveCfg = Debug|Any CPU
		{25B48B9D-4C49-4C6D-A9B4-E9750709EFC9}.Debug|x64.Build.0 = Debug|Any CPU
		{25B48B9D-4C49-4C6D-A9B4-E9750709EFC9}.Debug|x86.ActiveCfg = Debug|Any CPU
		{25B48B9D-4C49-4C6D-A9B4-E9750709EFC9}.Debug|x86.Build.0 = Debug|Any CPU
		{25B48B9D-4C49-4C6D-A9B4-E9750709EFC9}.Release|Any CPU.ActiveCfg = Release|Any CPU
		{25B48B9D-4C49-4C6D-A9B4-E9750709EFC9}.Release|Any CPU.Build.0 = Release|Any CPU
		{25B48B9D-4C49-4C6D-A9B4-E9750709EFC9}.Release|x64.ActiveCfg = Release|Any CPU
		{25B48B9D-4C49-4C6D-A9B4-E9750709EFC9}.Release|x64.Build.0 = Release|Any CPU
		{25B48B9D-4C49-4C6D-A9B4-E9750709EFC9}.Release|x86.ActiveCfg = Release|Any CPU
		{25B48B9D-4C49-4C6D-A9B4-E9750709EFC9}.Release|x86.Build.0 = Release|Any CPU
		{37862F09-BCF3-4632-AF7C-A582099DBB78}.Debug|Any CPU.ActiveCfg = Debug|Any CPU
		{37862F09-BCF3-4632-AF7C-A582099DBB78}.Debug|Any CPU.Build.0 = Debug|Any CPU
		{37862F09-BCF3-4632-AF7C-A582099DBB78}.Debug|x64.ActiveCfg = Debug|Any CPU
		{37862F09-BCF3-4632-AF7C-A582099DBB78}.Debug|x64.Build.0 = Debug|Any CPU
		{37862F09-BCF3-4632-AF7C-A582099DBB78}.Debug|x86.ActiveCfg = Debug|Any CPU
		{37862F09-BCF3-4632-AF7C-A582099DBB78}.Debug|x86.Build.0 = Debug|Any CPU
		{37862F09-BCF3-4632-AF7C-A582099DBB78}.Release|Any CPU.ActiveCfg = Release|Any CPU
		{37862F09-BCF3-4632-AF7C-A582099DBB78}.Release|Any CPU.Build.0 = Release|Any CPU
		{37862F09-BCF3-4632-AF7C-A582099DBB78}.Release|x64.ActiveCfg = Release|Any CPU
		{37862F09-BCF3-4632-AF7C-A582099DBB78}.Release|x64.Build.0 = Release|Any CPU
		{37862F09-BCF3-4632-AF7C-A582099DBB78}.Release|x86.ActiveCfg = Release|Any CPU
		{37862F09-BCF3-4632-AF7C-A582099DBB78}.Release|x86.Build.0 = Release|Any CPU
		{9B88FD59-36D9-4995-819C-19BDACF5F794}.Debug|Any CPU.ActiveCfg = Debug|Any CPU
		{9B88FD59-36D9-4995-819C-19BDACF5F794}.Debug|Any CPU.Build.0 = Debug|Any CPU
		{9B88FD59-36D9-4995-819C-19BDACF5F794}.Debug|x64.ActiveCfg = Debug|Any CPU
		{9B88FD59-36D9-4995-819C-19BDACF5F794}.Debug|x64.Build.0 = Debug|Any CPU
		{9B88FD59-36D9-4995-819C-19BDACF5F794}.Debug|x86.ActiveCfg = Debug|Any CPU
		{9B88FD59-36D9-4995-819C-19BDACF5F794}.Debug|x86.Build.0 = Debug|Any CPU
		{9B88FD59-36D9-4995-819C-19BDACF5F794}.Release|Any CPU.ActiveCfg = Release|Any CPU
		{9B88FD59-36D9-4995-819C-19BDACF5F794}.Release|Any CPU.Build.0 = Release|Any CPU
		{9B88FD59-36D9-4995-819C-19BDACF5F794}.Release|x64.ActiveCfg = Release|Any CPU
		{9B88FD59-36D9-4995-819C-19BDACF5F794}.Release|x64.Build.0 = Release|Any CPU
		{9B88FD59-36D9-4995-819C-19BDACF5F794}.Release|x86.ActiveCfg = Release|Any CPU
		{9B88FD59-36D9-4995-819C-19BDACF5F794}.Release|x86.Build.0 = Release|Any CPU
		{3018FEB1-3D87-4566-93A0-A76613D0A984}.Debug|Any CPU.ActiveCfg = Debug|Any CPU
		{3018FEB1-3D87-4566-93A0-A76613D0A984}.Debug|Any CPU.Build.0 = Debug|Any CPU
		{3018FEB1-3D87-4566-93A0-A76613D0A984}.Debug|x64.ActiveCfg = Debug|Any CPU
		{3018FEB1-3D87-4566-93A0-A76613D0A984}.Debug|x64.Build.0 = Debug|Any CPU
		{3018FEB1-3D87-4566-93A0-A76613D0A984}.Debug|x86.ActiveCfg = Debug|Any CPU
		{3018FEB1-3D87-4566-93A0-A76613D0A984}.Debug|x86.Build.0 = Debug|Any CPU
		{3018FEB1-3D87-4566-93A0-A76613D0A984}.Release|Any CPU.ActiveCfg = Release|Any CPU
		{3018FEB1-3D87-4566-93A0-A76613D0A984}.Release|Any CPU.Build.0 = Release|Any CPU
		{3018FEB1-3D87-4566-93A0-A76613D0A984}.Release|x64.ActiveCfg = Release|Any CPU
		{3018FEB1-3D87-4566-93A0-A76613D0A984}.Release|x64.Build.0 = Release|Any CPU
		{3018FEB1-3D87-4566-93A0-A76613D0A984}.Release|x86.ActiveCfg = Release|Any CPU
		{3018FEB1-3D87-4566-93A0-A76613D0A984}.Release|x86.Build.0 = Release|Any CPU
		{28D15808-5D69-4656-96B3-1B4A17213866}.Debug|Any CPU.ActiveCfg = Debug|Any CPU
		{28D15808-5D69-4656-96B3-1B4A17213866}.Debug|Any CPU.Build.0 = Debug|Any CPU
		{28D15808-5D69-4656-96B3-1B4A17213866}.Debug|x64.ActiveCfg = Debug|Any CPU
		{28D15808-5D69-4656-96B3-1B4A17213866}.Debug|x64.Build.0 = Debug|Any CPU
		{28D15808-5D69-4656-96B3-1B4A17213866}.Debug|x86.ActiveCfg = Debug|Any CPU
		{28D15808-5D69-4656-96B3-1B4A17213866}.Debug|x86.Build.0 = Debug|Any CPU
		{28D15808-5D69-4656-96B3-1B4A17213866}.Release|Any CPU.ActiveCfg = Release|Any CPU
		{28D15808-5D69-4656-96B3-1B4A17213866}.Release|Any CPU.Build.0 = Release|Any CPU
		{28D15808-5D69-4656-96B3-1B4A17213866}.Release|x64.ActiveCfg = Release|Any CPU
		{28D15808-5D69-4656-96B3-1B4A17213866}.Release|x64.Build.0 = Release|Any CPU
		{28D15808-5D69-4656-96B3-1B4A17213866}.Release|x86.ActiveCfg = Release|Any CPU
		{28D15808-5D69-4656-96B3-1B4A17213866}.Release|x86.Build.0 = Release|Any CPU
		{2BFB7656-CA81-4B04-B705-798E649275D5}.Debug|Any CPU.ActiveCfg = Debug|Any CPU
		{2BFB7656-CA81-4B04-B705-798E649275D5}.Debug|Any CPU.Build.0 = Debug|Any CPU
		{2BFB7656-CA81-4B04-B705-798E649275D5}.Debug|x64.ActiveCfg = Debug|Any CPU
		{2BFB7656-CA81-4B04-B705-798E649275D5}.Debug|x64.Build.0 = Debug|Any CPU
		{2BFB7656-CA81-4B04-B705-798E649275D5}.Debug|x86.ActiveCfg = Debug|Any CPU
		{2BFB7656-CA81-4B04-B705-798E649275D5}.Debug|x86.Build.0 = Debug|Any CPU
		{2BFB7656-CA81-4B04-B705-798E649275D5}.Release|Any CPU.ActiveCfg = Release|Any CPU
		{2BFB7656-CA81-4B04-B705-798E649275D5}.Release|Any CPU.Build.0 = Release|Any CPU
		{2BFB7656-CA81-4B04-B705-798E649275D5}.Release|x64.ActiveCfg = Release|Any CPU
		{2BFB7656-CA81-4B04-B705-798E649275D5}.Release|x64.Build.0 = Release|Any CPU
		{2BFB7656-CA81-4B04-B705-798E649275D5}.Release|x86.ActiveCfg = Release|Any CPU
		{2BFB7656-CA81-4B04-B705-798E649275D5}.Release|x86.Build.0 = Release|Any CPU
		{296D30B3-CC75-4E1F-8210-F9FB14D28DAB}.Debug|Any CPU.ActiveCfg = Debug|Any CPU
		{296D30B3-CC75-4E1F-8210-F9FB14D28DAB}.Debug|Any CPU.Build.0 = Debug|Any CPU
		{296D30B3-CC75-4E1F-8210-F9FB14D28DAB}.Debug|x64.ActiveCfg = Debug|Any CPU
		{296D30B3-CC75-4E1F-8210-F9FB14D28DAB}.Debug|x64.Build.0 = Debug|Any CPU
		{296D30B3-CC75-4E1F-8210-F9FB14D28DAB}.Debug|x86.ActiveCfg = Debug|Any CPU
		{296D30B3-CC75-4E1F-8210-F9FB14D28DAB}.Debug|x86.Build.0 = Debug|Any CPU
		{296D30B3-CC75-4E1F-8210-F9FB14D28DAB}.Release|Any CPU.ActiveCfg = Release|Any CPU
		{296D30B3-CC75-4E1F-8210-F9FB14D28DAB}.Release|Any CPU.Build.0 = Release|Any CPU
		{296D30B3-CC75-4E1F-8210-F9FB14D28DAB}.Release|x64.ActiveCfg = Release|Any CPU
		{296D30B3-CC75-4E1F-8210-F9FB14D28DAB}.Release|x64.Build.0 = Release|Any CPU
		{296D30B3-CC75-4E1F-8210-F9FB14D28DAB}.Release|x86.ActiveCfg = Release|Any CPU
		{296D30B3-CC75-4E1F-8210-F9FB14D28DAB}.Release|x86.Build.0 = Release|Any CPU
		{9D4F9261-BC82-43C0-80AA-09748E125AB9}.Debug|Any CPU.ActiveCfg = Debug|Any CPU
		{9D4F9261-BC82-43C0-80AA-09748E125AB9}.Debug|Any CPU.Build.0 = Debug|Any CPU
		{9D4F9261-BC82-43C0-80AA-09748E125AB9}.Debug|x64.ActiveCfg = Debug|Any CPU
		{9D4F9261-BC82-43C0-80AA-09748E125AB9}.Debug|x64.Build.0 = Debug|Any CPU
		{9D4F9261-BC82-43C0-80AA-09748E125AB9}.Debug|x86.ActiveCfg = Debug|Any CPU
		{9D4F9261-BC82-43C0-80AA-09748E125AB9}.Debug|x86.Build.0 = Debug|Any CPU
		{9D4F9261-BC82-43C0-80AA-09748E125AB9}.Release|Any CPU.ActiveCfg = Release|Any CPU
		{9D4F9261-BC82-43C0-80AA-09748E125AB9}.Release|Any CPU.Build.0 = Release|Any CPU
		{9D4F9261-BC82-43C0-80AA-09748E125AB9}.Release|x64.ActiveCfg = Release|Any CPU
		{9D4F9261-BC82-43C0-80AA-09748E125AB9}.Release|x64.Build.0 = Release|Any CPU
		{9D4F9261-BC82-43C0-80AA-09748E125AB9}.Release|x86.ActiveCfg = Release|Any CPU
		{9D4F9261-BC82-43C0-80AA-09748E125AB9}.Release|x86.Build.0 = Release|Any CPU
		{33A1EB11-E3DC-4274-AAF0-1C2D559692C6}.Debug|Any CPU.ActiveCfg = Debug|Any CPU
		{33A1EB11-E3DC-4274-AAF0-1C2D559692C6}.Debug|Any CPU.Build.0 = Debug|Any CPU
		{33A1EB11-E3DC-4274-AAF0-1C2D559692C6}.Debug|x64.ActiveCfg = Debug|Any CPU
		{33A1EB11-E3DC-4274-AAF0-1C2D559692C6}.Debug|x64.Build.0 = Debug|Any CPU
		{33A1EB11-E3DC-4274-AAF0-1C2D559692C6}.Debug|x86.ActiveCfg = Debug|Any CPU
		{33A1EB11-E3DC-4274-AAF0-1C2D559692C6}.Debug|x86.Build.0 = Debug|Any CPU
		{33A1EB11-E3DC-4274-AAF0-1C2D559692C6}.Release|Any CPU.ActiveCfg = Release|Any CPU
		{33A1EB11-E3DC-4274-AAF0-1C2D559692C6}.Release|Any CPU.Build.0 = Release|Any CPU
		{33A1EB11-E3DC-4274-AAF0-1C2D559692C6}.Release|x64.ActiveCfg = Release|Any CPU
		{33A1EB11-E3DC-4274-AAF0-1C2D559692C6}.Release|x64.Build.0 = Release|Any CPU
		{33A1EB11-E3DC-4274-AAF0-1C2D559692C6}.Release|x86.ActiveCfg = Release|Any CPU
		{33A1EB11-E3DC-4274-AAF0-1C2D559692C6}.Release|x86.Build.0 = Release|Any CPU
		{EDC4B336-3ECC-461C-BAD5-99ED424D7662}.Debug|Any CPU.ActiveCfg = Debug|Any CPU
		{EDC4B336-3ECC-461C-BAD5-99ED424D7662}.Debug|Any CPU.Build.0 = Debug|Any CPU
		{EDC4B336-3ECC-461C-BAD5-99ED424D7662}.Debug|x64.ActiveCfg = Debug|Any CPU
		{EDC4B336-3ECC-461C-BAD5-99ED424D7662}.Debug|x64.Build.0 = Debug|Any CPU
		{EDC4B336-3ECC-461C-BAD5-99ED424D7662}.Debug|x86.ActiveCfg = Debug|Any CPU
		{EDC4B336-3ECC-461C-BAD5-99ED424D7662}.Debug|x86.Build.0 = Debug|Any CPU
		{EDC4B336-3ECC-461C-BAD5-99ED424D7662}.Release|Any CPU.ActiveCfg = Release|Any CPU
		{EDC4B336-3ECC-461C-BAD5-99ED424D7662}.Release|Any CPU.Build.0 = Release|Any CPU
		{EDC4B336-3ECC-461C-BAD5-99ED424D7662}.Release|x64.ActiveCfg = Release|Any CPU
		{EDC4B336-3ECC-461C-BAD5-99ED424D7662}.Release|x64.Build.0 = Release|Any CPU
		{EDC4B336-3ECC-461C-BAD5-99ED424D7662}.Release|x86.ActiveCfg = Release|Any CPU
		{EDC4B336-3ECC-461C-BAD5-99ED424D7662}.Release|x86.Build.0 = Release|Any CPU
		{7D414701-2DBB-4367-9011-E8BDF1400250}.Debug|Any CPU.ActiveCfg = Debug|Any CPU
		{7D414701-2DBB-4367-9011-E8BDF1400250}.Debug|Any CPU.Build.0 = Debug|Any CPU
		{7D414701-2DBB-4367-9011-E8BDF1400250}.Debug|x64.ActiveCfg = Debug|Any CPU
		{7D414701-2DBB-4367-9011-E8BDF1400250}.Debug|x64.Build.0 = Debug|Any CPU
		{7D414701-2DBB-4367-9011-E8BDF1400250}.Debug|x86.ActiveCfg = Debug|Any CPU
		{7D414701-2DBB-4367-9011-E8BDF1400250}.Debug|x86.Build.0 = Debug|Any CPU
		{7D414701-2DBB-4367-9011-E8BDF1400250}.Release|Any CPU.ActiveCfg = Release|Any CPU
		{7D414701-2DBB-4367-9011-E8BDF1400250}.Release|Any CPU.Build.0 = Release|Any CPU
		{7D414701-2DBB-4367-9011-E8BDF1400250}.Release|x64.ActiveCfg = Release|Any CPU
		{7D414701-2DBB-4367-9011-E8BDF1400250}.Release|x64.Build.0 = Release|Any CPU
		{7D414701-2DBB-4367-9011-E8BDF1400250}.Release|x86.ActiveCfg = Release|Any CPU
		{7D414701-2DBB-4367-9011-E8BDF1400250}.Release|x86.Build.0 = Release|Any CPU
		{F6B6C2B9-45A9-489D-A48F-732079B3FC75}.Debug|Any CPU.ActiveCfg = Debug|Any CPU
		{F6B6C2B9-45A9-489D-A48F-732079B3FC75}.Debug|Any CPU.Build.0 = Debug|Any CPU
		{F6B6C2B9-45A9-489D-A48F-732079B3FC75}.Debug|x64.ActiveCfg = Debug|Any CPU
		{F6B6C2B9-45A9-489D-A48F-732079B3FC75}.Debug|x64.Build.0 = Debug|Any CPU
		{F6B6C2B9-45A9-489D-A48F-732079B3FC75}.Debug|x86.ActiveCfg = Debug|Any CPU
		{F6B6C2B9-45A9-489D-A48F-732079B3FC75}.Debug|x86.Build.0 = Debug|Any CPU
		{F6B6C2B9-45A9-489D-A48F-732079B3FC75}.Release|Any CPU.ActiveCfg = Release|Any CPU
		{F6B6C2B9-45A9-489D-A48F-732079B3FC75}.Release|Any CPU.Build.0 = Release|Any CPU
		{F6B6C2B9-45A9-489D-A48F-732079B3FC75}.Release|x64.ActiveCfg = Release|Any CPU
		{F6B6C2B9-45A9-489D-A48F-732079B3FC75}.Release|x64.Build.0 = Release|Any CPU
		{F6B6C2B9-45A9-489D-A48F-732079B3FC75}.Release|x86.ActiveCfg = Release|Any CPU
		{F6B6C2B9-45A9-489D-A48F-732079B3FC75}.Release|x86.Build.0 = Release|Any CPU
		{5832D43C-D3EE-4D7D-9BEA-9E6A6EE5CA18}.Debug|Any CPU.ActiveCfg = Debug|Any CPU
		{5832D43C-D3EE-4D7D-9BEA-9E6A6EE5CA18}.Debug|Any CPU.Build.0 = Debug|Any CPU
		{5832D43C-D3EE-4D7D-9BEA-9E6A6EE5CA18}.Debug|x64.ActiveCfg = Debug|Any CPU
		{5832D43C-D3EE-4D7D-9BEA-9E6A6EE5CA18}.Debug|x64.Build.0 = Debug|Any CPU
		{5832D43C-D3EE-4D7D-9BEA-9E6A6EE5CA18}.Debug|x86.ActiveCfg = Debug|Any CPU
		{5832D43C-D3EE-4D7D-9BEA-9E6A6EE5CA18}.Debug|x86.Build.0 = Debug|Any CPU
		{5832D43C-D3EE-4D7D-9BEA-9E6A6EE5CA18}.Release|Any CPU.ActiveCfg = Release|Any CPU
		{5832D43C-D3EE-4D7D-9BEA-9E6A6EE5CA18}.Release|Any CPU.Build.0 = Release|Any CPU
		{5832D43C-D3EE-4D7D-9BEA-9E6A6EE5CA18}.Release|x64.ActiveCfg = Release|Any CPU
		{5832D43C-D3EE-4D7D-9BEA-9E6A6EE5CA18}.Release|x64.Build.0 = Release|Any CPU
		{5832D43C-D3EE-4D7D-9BEA-9E6A6EE5CA18}.Release|x86.ActiveCfg = Release|Any CPU
		{5832D43C-D3EE-4D7D-9BEA-9E6A6EE5CA18}.Release|x86.Build.0 = Release|Any CPU
		{9173D9D8-EED3-4768-936C-4E7CA65F8482}.Debug|Any CPU.ActiveCfg = Debug|Any CPU
		{9173D9D8-EED3-4768-936C-4E7CA65F8482}.Debug|Any CPU.Build.0 = Debug|Any CPU
		{9173D9D8-EED3-4768-936C-4E7CA65F8482}.Debug|x64.ActiveCfg = Debug|Any CPU
		{9173D9D8-EED3-4768-936C-4E7CA65F8482}.Debug|x64.Build.0 = Debug|Any CPU
		{9173D9D8-EED3-4768-936C-4E7CA65F8482}.Debug|x86.ActiveCfg = Debug|Any CPU
		{9173D9D8-EED3-4768-936C-4E7CA65F8482}.Debug|x86.Build.0 = Debug|Any CPU
		{9173D9D8-EED3-4768-936C-4E7CA65F8482}.Release|Any CPU.ActiveCfg = Release|Any CPU
		{9173D9D8-EED3-4768-936C-4E7CA65F8482}.Release|Any CPU.Build.0 = Release|Any CPU
		{9173D9D8-EED3-4768-936C-4E7CA65F8482}.Release|x64.ActiveCfg = Release|Any CPU
		{9173D9D8-EED3-4768-936C-4E7CA65F8482}.Release|x64.Build.0 = Release|Any CPU
		{9173D9D8-EED3-4768-936C-4E7CA65F8482}.Release|x86.ActiveCfg = Release|Any CPU
		{9173D9D8-EED3-4768-936C-4E7CA65F8482}.Release|x86.Build.0 = Release|Any CPU
		{73145CE4-58B2-4E29-83B9-62C2F6741956}.Debug|Any CPU.ActiveCfg = Debug|Any CPU
		{73145CE4-58B2-4E29-83B9-62C2F6741956}.Debug|Any CPU.Build.0 = Debug|Any CPU
		{73145CE4-58B2-4E29-83B9-62C2F6741956}.Debug|x64.ActiveCfg = Debug|Any CPU
		{73145CE4-58B2-4E29-83B9-62C2F6741956}.Debug|x64.Build.0 = Debug|Any CPU
		{73145CE4-58B2-4E29-83B9-62C2F6741956}.Debug|x86.ActiveCfg = Debug|Any CPU
		{73145CE4-58B2-4E29-83B9-62C2F6741956}.Debug|x86.Build.0 = Debug|Any CPU
		{73145CE4-58B2-4E29-83B9-62C2F6741956}.Release|Any CPU.ActiveCfg = Release|Any CPU
		{73145CE4-58B2-4E29-83B9-62C2F6741956}.Release|Any CPU.Build.0 = Release|Any CPU
		{73145CE4-58B2-4E29-83B9-62C2F6741956}.Release|x64.ActiveCfg = Release|Any CPU
		{73145CE4-58B2-4E29-83B9-62C2F6741956}.Release|x64.Build.0 = Release|Any CPU
		{73145CE4-58B2-4E29-83B9-62C2F6741956}.Release|x86.ActiveCfg = Release|Any CPU
		{73145CE4-58B2-4E29-83B9-62C2F6741956}.Release|x86.Build.0 = Release|Any CPU
		{172BD369-83D5-4C61-92FE-5C73EBB46B0D}.Debug|Any CPU.ActiveCfg = Debug|Any CPU
		{172BD369-83D5-4C61-92FE-5C73EBB46B0D}.Debug|Any CPU.Build.0 = Debug|Any CPU
		{172BD369-83D5-4C61-92FE-5C73EBB46B0D}.Debug|x64.ActiveCfg = Debug|Any CPU
		{172BD369-83D5-4C61-92FE-5C73EBB46B0D}.Debug|x64.Build.0 = Debug|Any CPU
		{172BD369-83D5-4C61-92FE-5C73EBB46B0D}.Debug|x86.ActiveCfg = Debug|Any CPU
		{172BD369-83D5-4C61-92FE-5C73EBB46B0D}.Debug|x86.Build.0 = Debug|Any CPU
		{172BD369-83D5-4C61-92FE-5C73EBB46B0D}.Release|Any CPU.ActiveCfg = Release|Any CPU
		{172BD369-83D5-4C61-92FE-5C73EBB46B0D}.Release|Any CPU.Build.0 = Release|Any CPU
		{172BD369-83D5-4C61-92FE-5C73EBB46B0D}.Release|x64.ActiveCfg = Release|Any CPU
		{172BD369-83D5-4C61-92FE-5C73EBB46B0D}.Release|x64.Build.0 = Release|Any CPU
		{172BD369-83D5-4C61-92FE-5C73EBB46B0D}.Release|x86.ActiveCfg = Release|Any CPU
		{172BD369-83D5-4C61-92FE-5C73EBB46B0D}.Release|x86.Build.0 = Release|Any CPU
		{1AEBF20D-0921-4C3C-8DA1-9164B32F5383}.Debug|Any CPU.ActiveCfg = Debug|Any CPU
		{1AEBF20D-0921-4C3C-8DA1-9164B32F5383}.Debug|Any CPU.Build.0 = Debug|Any CPU
		{1AEBF20D-0921-4C3C-8DA1-9164B32F5383}.Debug|x64.ActiveCfg = Debug|Any CPU
		{1AEBF20D-0921-4C3C-8DA1-9164B32F5383}.Debug|x64.Build.0 = Debug|Any CPU
		{1AEBF20D-0921-4C3C-8DA1-9164B32F5383}.Debug|x86.ActiveCfg = Debug|Any CPU
		{1AEBF20D-0921-4C3C-8DA1-9164B32F5383}.Debug|x86.Build.0 = Debug|Any CPU
		{1AEBF20D-0921-4C3C-8DA1-9164B32F5383}.Release|Any CPU.ActiveCfg = Release|Any CPU
		{1AEBF20D-0921-4C3C-8DA1-9164B32F5383}.Release|Any CPU.Build.0 = Release|Any CPU
		{1AEBF20D-0921-4C3C-8DA1-9164B32F5383}.Release|x64.ActiveCfg = Release|Any CPU
		{1AEBF20D-0921-4C3C-8DA1-9164B32F5383}.Release|x64.Build.0 = Release|Any CPU
		{1AEBF20D-0921-4C3C-8DA1-9164B32F5383}.Release|x86.ActiveCfg = Release|Any CPU
		{1AEBF20D-0921-4C3C-8DA1-9164B32F5383}.Release|x86.Build.0 = Release|Any CPU
		{EAA8F530-CD99-49F4-9E18-8FC78D98E43B}.Debug|Any CPU.ActiveCfg = Debug|Any CPU
		{EAA8F530-CD99-49F4-9E18-8FC78D98E43B}.Debug|Any CPU.Build.0 = Debug|Any CPU
		{EAA8F530-CD99-49F4-9E18-8FC78D98E43B}.Debug|x64.ActiveCfg = Debug|Any CPU
		{EAA8F530-CD99-49F4-9E18-8FC78D98E43B}.Debug|x64.Build.0 = Debug|Any CPU
		{EAA8F530-CD99-49F4-9E18-8FC78D98E43B}.Debug|x86.ActiveCfg = Debug|Any CPU
		{EAA8F530-CD99-49F4-9E18-8FC78D98E43B}.Debug|x86.Build.0 = Debug|Any CPU
		{EAA8F530-CD99-49F4-9E18-8FC78D98E43B}.Release|Any CPU.ActiveCfg = Release|Any CPU
		{EAA8F530-CD99-49F4-9E18-8FC78D98E43B}.Release|Any CPU.Build.0 = Release|Any CPU
		{EAA8F530-CD99-49F4-9E18-8FC78D98E43B}.Release|x64.ActiveCfg = Release|Any CPU
		{EAA8F530-CD99-49F4-9E18-8FC78D98E43B}.Release|x64.Build.0 = Release|Any CPU
		{EAA8F530-CD99-49F4-9E18-8FC78D98E43B}.Release|x86.ActiveCfg = Release|Any CPU
		{EAA8F530-CD99-49F4-9E18-8FC78D98E43B}.Release|x86.Build.0 = Release|Any CPU
		{1AE8887B-244F-4988-BFA0-BE914C92E995}.Debug|Any CPU.ActiveCfg = Debug|Any CPU
		{1AE8887B-244F-4988-BFA0-BE914C92E995}.Debug|Any CPU.Build.0 = Debug|Any CPU
		{1AE8887B-244F-4988-BFA0-BE914C92E995}.Debug|x64.ActiveCfg = Debug|Any CPU
		{1AE8887B-244F-4988-BFA0-BE914C92E995}.Debug|x64.Build.0 = Debug|Any CPU
		{1AE8887B-244F-4988-BFA0-BE914C92E995}.Debug|x86.ActiveCfg = Debug|Any CPU
		{1AE8887B-244F-4988-BFA0-BE914C92E995}.Debug|x86.Build.0 = Debug|Any CPU
		{1AE8887B-244F-4988-BFA0-BE914C92E995}.Release|Any CPU.ActiveCfg = Release|Any CPU
		{1AE8887B-244F-4988-BFA0-BE914C92E995}.Release|Any CPU.Build.0 = Release|Any CPU
		{1AE8887B-244F-4988-BFA0-BE914C92E995}.Release|x64.ActiveCfg = Release|Any CPU
		{1AE8887B-244F-4988-BFA0-BE914C92E995}.Release|x64.Build.0 = Release|Any CPU
		{1AE8887B-244F-4988-BFA0-BE914C92E995}.Release|x86.ActiveCfg = Release|Any CPU
		{1AE8887B-244F-4988-BFA0-BE914C92E995}.Release|x86.Build.0 = Release|Any CPU
		{0ACA922F-0FC9-4B82-B412-7CEC57F7B804}.Debug|Any CPU.ActiveCfg = Debug|Any CPU
		{0ACA922F-0FC9-4B82-B412-7CEC57F7B804}.Debug|Any CPU.Build.0 = Debug|Any CPU
		{0ACA922F-0FC9-4B82-B412-7CEC57F7B804}.Debug|x64.ActiveCfg = Debug|Any CPU
		{0ACA922F-0FC9-4B82-B412-7CEC57F7B804}.Debug|x64.Build.0 = Debug|Any CPU
		{0ACA922F-0FC9-4B82-B412-7CEC57F7B804}.Debug|x86.ActiveCfg = Debug|Any CPU
		{0ACA922F-0FC9-4B82-B412-7CEC57F7B804}.Debug|x86.Build.0 = Debug|Any CPU
		{0ACA922F-0FC9-4B82-B412-7CEC57F7B804}.Release|Any CPU.ActiveCfg = Release|Any CPU
		{0ACA922F-0FC9-4B82-B412-7CEC57F7B804}.Release|Any CPU.Build.0 = Release|Any CPU
		{0ACA922F-0FC9-4B82-B412-7CEC57F7B804}.Release|x64.ActiveCfg = Release|Any CPU
		{0ACA922F-0FC9-4B82-B412-7CEC57F7B804}.Release|x64.Build.0 = Release|Any CPU
		{0ACA922F-0FC9-4B82-B412-7CEC57F7B804}.Release|x86.ActiveCfg = Release|Any CPU
		{0ACA922F-0FC9-4B82-B412-7CEC57F7B804}.Release|x86.Build.0 = Release|Any CPU
	EndGlobalSection
	GlobalSection(SolutionProperties) = preSolution
		HideSolutionNode = FALSE
	EndGlobalSection
	GlobalSection(NestedProjects) = preSolution
		{62ACE01E-0814-41F5-B602-5BC697529C08} = {4F52FD11-658E-A102-6CD3-7D7C16FFA15B}
		{25B48B9D-4C49-4C6D-A9B4-E9750709EFC9} = {568E08D9-C627-9D87-BF1B-5CE72DAF60E7}
		{37862F09-BCF3-4632-AF7C-A582099DBB78} = {568E08D9-C627-9D87-BF1B-5CE72DAF60E7}
		{9B88FD59-36D9-4995-819C-19BDACF5F794} = {568E08D9-C627-9D87-BF1B-5CE72DAF60E7}
		{3018FEB1-3D87-4566-93A0-A76613D0A984} = {568E08D9-C627-9D87-BF1B-5CE72DAF60E7}
		{28D15808-5D69-4656-96B3-1B4A17213866} = {0AB3BF05-4346-4AA6-1389-037BE0695223}
		{2BFB7656-CA81-4B04-B705-798E649275D5} = {752EEFC6-94E2-3993-0A0E-8EA683D58940}
		{296D30B3-CC75-4E1F-8210-F9FB14D28DAB} = {752EEFC6-94E2-3993-0A0E-8EA683D58940}
		{9D4F9261-BC82-43C0-80AA-09748E125AB9} = {752EEFC6-94E2-3993-0A0E-8EA683D58940}
		{33A1EB11-E3DC-4274-AAF0-1C2D559692C6} = {752EEFC6-94E2-3993-0A0E-8EA683D58940}
		{EDC4B336-3ECC-461C-BAD5-99ED424D7662} = {0AB3BF05-4346-4AA6-1389-037BE0695223}
		{7D414701-2DBB-4367-9011-E8BDF1400250} = {F9C07279-9FC2-56E5-BB47-2338B3B825A0}
		{F6B6C2B9-45A9-489D-A48F-732079B3FC75} = {F9C07279-9FC2-56E5-BB47-2338B3B825A0}
		{5832D43C-D3EE-4D7D-9BEA-9E6A6EE5CA18} = {F9C07279-9FC2-56E5-BB47-2338B3B825A0}
		{9173D9D8-EED3-4768-936C-4E7CA65F8482} = {F9C07279-9FC2-56E5-BB47-2338B3B825A0}
		{73145CE4-58B2-4E29-83B9-62C2F6741956} = {0AB3BF05-4346-4AA6-1389-037BE0695223}
		{172BD369-83D5-4C61-92FE-5C73EBB46B0D} = {CDDCADCD-9350-8E22-D67F-1D4576D8025F}
		{1AEBF20D-0921-4C3C-8DA1-9164B32F5383} = {CDDCADCD-9350-8E22-D67F-1D4576D8025F}
		{EAA8F530-CD99-49F4-9E18-8FC78D98E43B} = {CDDCADCD-9350-8E22-D67F-1D4576D8025F}
		{1AE8887B-244F-4988-BFA0-BE914C92E995} = {CDDCADCD-9350-8E22-D67F-1D4576D8025F}
		{0ACA922F-0FC9-4B82-B412-7CEC57F7B804} = {0AB3BF05-4346-4AA6-1389-037BE0695223}
	EndGlobalSection
EndGlobal
