
Microsoft Visual Studio Solution File, Format Version 12.00
# Visual Studio Version 17
VisualStudioVersion = 17.0.31903.59
MinimumVisualStudioVersion = 10.0.40219.1
Project("{2150E333-8FDC-42A3-9474-1A3956D46DE8}") = "Shared", "Shared", "{4F52FD11-658E-A102-6CD3-7D7C16FFA15B}"
EndProject
Project("{FAE04EC0-301F-11D3-BF4B-00C04F79EFBC}") = "CinemaAbyss.SharedKernel", "src\Shared\CinemaAbyss.SharedKernel\CinemaAbyss.SharedKernel.csproj", "{62ACE01E-0814-41F5-B602-5BC697529C08}"
EndProject
Project("{2150E333-8FDC-42A3-9474-1A3956D46DE8}") = "Monolith", "Monolith", "{568E08D9-C627-9D87-BF1B-5CE72DAF60E7}"
EndProject
Project("{FAE04EC0-301F-11D3-BF4B-00C04F79EFBC}") = "CinemaAbyss.Monolith.Domain", "src\Monolith\CinemaAbyss.Monolith.Domain\CinemaAbyss.Monolith.Domain.csproj", "{25B48B9D-4C49-4C6D-A9B4-E9750709EFC9}"
EndProject
Project("{FAE04EC0-301F-11D3-BF4B-00C04F79EFBC}") = "CinemaAbyss.Monolith.Application", "src\Monolith\CinemaAbyss.Monolith.Application\CinemaAbyss.Monolith.Application.csproj", "{37862F09-BCF3-4632-AF7C-A582099DBB78}"
EndProject
Project("{FAE04EC0-301F-11D3-BF4B-00C04F79EFBC}") = "CinemaAbyss.Monolith.Infrastructure", "src\Monolith\CinemaAbyss.Monolith.Infrastructure\CinemaAbyss.Monolith.Infrastructure.csproj", "{9B88FD59-36D9-4995-819C-19BDACF5F794}"
EndProject
Project("{FAE04EC0-301F-11D3-BF4B-00C04F79EFBC}") = "CinemaAbyss.Monolith.Api", "src\Monolith\CinemaAbyss.Monolith.Api\CinemaAbyss.Monolith.Api.csproj", "{3018FEB1-3D87-4566-93A0-A76613D0A984}"
EndProject
Project("{2150E333-8FDC-42A3-9474-1A3956D46DE8}") = "Tests", "Tests", "{0AB3BF05-4346-4AA6-1389-037BE0695223}"
EndProject
Project("{FAE04EC0-301F-11D3-BF4B-00C04F79EFBC}") = "CinemaAbyss.Monolith.UnitTests", "tests\CinemaAbyss.Monolith.UnitTests\CinemaAbyss.Monolith.UnitTests.csproj", "{28D15808-5D69-4656-96B3-1B4A17213866}"
EndProject
Project("{2150E333-8FDC-42A3-9474-1A3956D46DE8}") = "Movies", "Movies", "{752EEFC6-94E2-3993-0A0E-8EA683D58940}"
EndProject
Project("{FAE04EC0-301F-11D3-BF4B-00C04F79EFBC}") = "CinemaAbyss.Movies.Domain", "src\Movies\CinemaAbyss.Movies.Domain\CinemaAbyss.Movies.Domain.csproj", "{2BFB7656-CA81-4B04-B705-798E649275D5}"
EndProject
Project("{FAE04EC0-301F-11D3-BF4B-00C04F79EFBC}") = "CinemaAbyss.Movies.Application", "src\Movies\CinemaAbyss.Movies.Application\CinemaAbyss.Movies.Application.csproj", "{296D30B3-CC75-4E1F-8210-F9FB14D28DAB}"
EndProject
Project("{FAE04EC0-301F-11D3-BF4B-00C04F79EFBC}") = "CinemaAbyss.Movies.Infrastructure", "src\Movies\CinemaAbyss.Movies.Infrastructure\CinemaAbyss.Movies.Infrastructure.csproj", "{9D4F9261-BC82-43C0-80AA-09748E125AB9}"
EndProject
Project("{FAE04EC0-301F-11D3-BF4B-00C04F79EFBC}") = "CinemaAbyss.Movies.Api", "src\Movies\CinemaAbyss.Movies.Api\CinemaAbyss.Movies.Api.csproj", "{33A1EB11-E3DC-4274-AAF0-1C2D559692C6}"
EndProject
Project("{FAE04EC0-301F-11D3-BF4B-00C04F79EFBC}") = "CinemaAbyss.Movies.UnitTests", "tests\CinemaAbyss.Movies.UnitTests\CinemaAbyss.Movies.UnitTests.csproj", "{EDC4B336-3ECC-461C-BAD5-99ED424D7662}"
EndProject
Project("{2150E333-8FDC-42A3-9474-1A3956D46DE8}") = "Proxy", "Proxy", "{F9C07279-9FC2-56E5-BB47-2338B3B825A0}"
EndProject
Project("{FAE04EC0-301F-11D3-BF4B-00C04F79EFBC}") = "CinemaAbyss.Proxy.Domain", "src\microservices\proxy\CinemaAbyss.Proxy.Domain\CinemaAbyss.Proxy.Domain.csproj", "{12D14021-5642-4462-8117-5CD6613FFD72}"
EndProject
Project("{FAE04EC0-301F-11D3-BF4B-00C04F79EFBC}") = "CinemaAbyss.Proxy.Application", "src\microservices\proxy\CinemaAbyss.Proxy.Application\CinemaAbyss.Proxy.Application.csproj", "{85C1942B-D622-496D-944B-11FECF9D0AC7}"
EndProject
Project("{FAE04EC0-301F-11D3-BF4B-00C04F79EFBC}") = "CinemaAbyss.Proxy.Infrastructure", "src\microservices\proxy\CinemaAbyss.Proxy.Infrastructure\CinemaAbyss.Proxy.Infrastructure.csproj", "{B23226B4-47DB-4701-AD5B-E11B74EB4CCE}"
EndProject
Project("{FAE04EC0-301F-11D3-BF4B-00C04F79EFBC}") = "CinemaAbyss.Proxy.Api", "src\microservices\proxy\CinemaAbyss.Proxy.Api\CinemaAbyss.Proxy.Api.csproj", "{60E8493B-3EEB-45F2-B86F-9624CE3795C0}"
EndProject
Project("{2150E333-8FDC-42A3-9474-1A3956D46DE8}") = "Tests", "Tests", "{5587762D-8488-1E3B-5EC2-8F95371948CA}"
EndProject
Project("{FAE04EC0-301F-11D3-BF4B-00C04F79EFBC}") = "CinemaAbyss.Proxy.UnitTests", "tests\CinemaAbyss.Proxy.UnitTests\CinemaAbyss.Proxy.UnitTests.csproj", "{DB80B3F5-E7D5-4C15-BF27-BC29477C76A5}"
EndProject
Project("{2150E333-8FDC-42A3-9474-1A3956D46DE8}") = "Events", "Events", "{CDDCADCD-9350-8E22-D67F-1D4576D8025F}"
EndProject
Project("{FAE04EC0-301F-11D3-BF4B-00C04F79EFBC}") = "CinemaAbyss.Events.Domain", "src\microservices\events\CinemaAbyss.Events.Domain\CinemaAbyss.Events.Domain.csproj", "{CFA8B1E8-9677-4D06-A41A-51105840C074}"
EndProject
Project("{FAE04EC0-301F-11D3-BF4B-00C04F79EFBC}") = "CinemaAbyss.Events.Application", "src\microservices\events\CinemaAbyss.Events.Application\CinemaAbyss.Events.Application.csproj", "{6980E9A2-DD26-4E22-BDC2-BFEDBCE30305}"
EndProject
Project("{FAE04EC0-301F-11D3-BF4B-00C04F79EFBC}") = "CinemaAbyss.Events.Infrastructure", "src\microservices\events\CinemaAbyss.Events.Infrastructure\CinemaAbyss.Events.Infrastructure.csproj", "{583296F7-26D2-451C-BEE2-386B343DFA6D}"
EndProject
Project("{FAE04EC0-301F-11D3-BF4B-00C04F79EFBC}") = "CinemaAbyss.Events.Api", "src\microservices\events\CinemaAbyss.Events.Api\CinemaAbyss.Events.Api.csproj", "{187E01F4-2462-40A9-B486-00EEC9D6581C}"
EndProject
Project("{2150E333-8FDC-42A3-9474-1A3956D46DE8}") = "Tests", "Tests", "{FCFCDEA7-496D-8083-06CE-DC02DC45CE93}"
EndProject
Project("{FAE04EC0-301F-11D3-BF4B-00C04F79EFBC}") = "CinemaAbyss.Events.UnitTests", "tests\CinemaAbyss.Events.UnitTests\CinemaAbyss.Events.UnitTests.csproj", "{FC5CF1D7-9A12-467F-BD5E-A874248886B6}"
EndProject
Global
	GlobalSection(SolutionConfigurationPlatforms) = preSolution
		Debug|Any CPU = Debug|Any CPU
		Debug|x64 = Debug|x64
		Debug|x86 = Debug|x86
		Release|Any CPU = Release|Any CPU
		Release|x64 = Release|x64
		Release|x86 = Release|x86
	EndGlobalSection
	GlobalSection(ProjectConfigurationPlatforms) = postSolution
		{62ACE01E-0814-41F5-B602-5BC697529C08}.Debug|Any CPU.ActiveCfg = Debug|Any CPU
		{62ACE01E-0814-41F5-B602-5BC697529C08}.Debug|Any CPU.Build.0 = Debug|Any CPU
		{62ACE01E-0814-41F5-B602-5BC697529C08}.Debug|x64.ActiveCfg = Debug|Any CPU
		{62ACE01E-0814-41F5-B602-5BC697529C08}.Debug|x64.Build.0 = Debug|Any CPU
		{62ACE01E-0814-41F5-B602-5BC697529C08}.Debug|x86.ActiveCfg = Debug|Any CPU
		{62ACE01E-0814-41F5-B602-5BC697529C08}.Debug|x86.Build.0 = Debug|Any CPU
		{62ACE01E-0814-41F5-B602-5BC697529C08}.Release|Any CPU.ActiveCfg = Release|Any CPU
		{62ACE01E-0814-41F5-B602-5BC697529C08}.Release|Any CPU.Build.0 = Release|Any CPU
		{62ACE01E-0814-41F5-B602-5BC697529C08}.Release|x64.ActiveCfg = Release|Any CPU
		{62ACE01E-0814-41F5-B602-5BC697529C08}.Release|x64.Build.0 = Release|Any CPU
		{62ACE01E-0814-41F5-B602-5BC697529C08}.Release|x86.ActiveCfg = Release|Any CPU
		{62ACE01E-0814-41F5-B602-5BC697529C08}.Release|x86.Build.0 = Release|Any CPU
		{25B48B9D-4C49-4C6D-A9B4-E9750709EFC9}.Debug|Any CPU.ActiveCfg = Debug|Any CPU
		{25B48B9D-4C49-4C6D-A9B4-E9750709EFC9}.Debug|Any CPU.Build.0 = Debug|Any CPU
		{25B48B9D-4C49-4C6D-A9B4-E9750709EFC9}.Debug|x64.ActiveCfg = Debug|Any CPU
		{25B48B9D-4C49-4C6D-A9B4-E9750709EFC9}.Debug|x64.Build.0 = Debug|Any CPU
		{25B48B9D-4C49-4C6D-A9B4-E9750709EFC9}.Debug|x86.ActiveCfg = Debug|Any CPU
		{25B48B9D-4C49-4C6D-A9B4-E9750709EFC9}.Debug|x86.Build.0 = Debug|Any CPU
		{25B48B9D-4C49-4C6D-A9B4-E9750709EFC9}.Release|Any CPU.ActiveCfg = Release|Any CPU
		{25B48B9D-4C49-4C6D-A9B4-E9750709EFC9}.Release|Any CPU.Build.0 = Release|Any CPU
		{25B48B9D-4C49-4C6D-A9B4-E9750709EFC9}.Release|x64.ActiveCfg = Release|Any CPU
		{25B48B9D-4C49-4C6D-A9B4-E9750709EFC9}.Release|x64.Build.0 = Release|Any CPU
		{25B48B9D-4C49-4C6D-A9B4-E9750709EFC9}.Release|x86.ActiveCfg = Release|Any CPU
		{25B48B9D-4C49-4C6D-A9B4-E9750709EFC9}.Release|x86.Build.0 = Release|Any CPU
		{37862F09-BCF3-4632-AF7C-A582099DBB78}.Debug|Any CPU.ActiveCfg = Debug|Any CPU
		{37862F09-BCF3-4632-AF7C-A582099DBB78}.Debug|Any CPU.Build.0 = Debug|Any CPU
		{37862F09-BCF3-4632-AF7C-A582099DBB78}.Debug|x64.ActiveCfg = Debug|Any CPU
		{37862F09-BCF3-4632-AF7C-A582099DBB78}.Debug|x64.Build.0 = Debug|Any CPU
		{37862F09-BCF3-4632-AF7C-A582099DBB78}.Debug|x86.ActiveCfg = Debug|Any CPU
		{37862F09-BCF3-4632-AF7C-A582099DBB78}.Debug|x86.Build.0 = Debug|Any CPU
		{37862F09-BCF3-4632-AF7C-A582099DBB78}.Release|Any CPU.ActiveCfg = Release|Any CPU
		{37862F09-BCF3-4632-AF7C-A582099DBB78}.Release|Any CPU.Build.0 = Release|Any CPU
		{37862F09-BCF3-4632-AF7C-A582099DBB78}.Release|x64.ActiveCfg = Release|Any CPU
		{37862F09-BCF3-4632-AF7C-A582099DBB78}.Release|x64.Build.0 = Release|Any CPU
		{37862F09-BCF3-4632-AF7C-A582099DBB78}.Release|x86.ActiveCfg = Release|Any CPU
		{37862F09-BCF3-4632-AF7C-A582099DBB78}.Release|x86.Build.0 = Release|Any CPU
		{9B88FD59-36D9-4995-819C-19BDACF5F794}.Debug|Any CPU.ActiveCfg = Debug|Any CPU
		{9B88FD59-36D9-4995-819C-19BDACF5F794}.Debug|Any CPU.Build.0 = Debug|Any CPU
		{9B88FD59-36D9-4995-819C-19BDACF5F794}.Debug|x64.ActiveCfg = Debug|Any CPU
		{9B88FD59-36D9-4995-819C-19BDACF5F794}.Debug|x64.Build.0 = Debug|Any CPU
		{9B88FD59-36D9-4995-819C-19BDACF5F794}.Debug|x86.ActiveCfg = Debug|Any CPU
		{9B88FD59-36D9-4995-819C-19BDACF5F794}.Debug|x86.Build.0 = Debug|Any CPU
		{9B88FD59-36D9-4995-819C-19BDACF5F794}.Release|Any CPU.ActiveCfg = Release|Any CPU
		{9B88FD59-36D9-4995-819C-19BDACF5F794}.Release|Any CPU.Build.0 = Release|Any CPU
		{9B88FD59-36D9-4995-819C-19BDACF5F794}.Release|x64.ActiveCfg = Release|Any CPU
		{9B88FD59-36D9-4995-819C-19BDACF5F794}.Release|x64.Build.0 = Release|Any CPU
		{9B88FD59-36D9-4995-819C-19BDACF5F794}.Release|x86.ActiveCfg = Release|Any CPU
		{9B88FD59-36D9-4995-819C-19BDACF5F794}.Release|x86.Build.0 = Release|Any CPU
		{3018FEB1-3D87-4566-93A0-A76613D0A984}.Debug|Any CPU.ActiveCfg = Debug|Any CPU
		{3018FEB1-3D87-4566-93A0-A76613D0A984}.Debug|Any CPU.Build.0 = Debug|Any CPU
		{3018FEB1-3D87-4566-93A0-A76613D0A984}.Debug|x64.ActiveCfg = Debug|Any CPU
		{3018FEB1-3D87-4566-93A0-A76613D0A984}.Debug|x64.Build.0 = Debug|Any CPU
		{3018FEB1-3D87-4566-93A0-A76613D0A984}.Debug|x86.ActiveCfg = Debug|Any CPU
		{3018FEB1-3D87-4566-93A0-A76613D0A984}.Debug|x86.Build.0 = Debug|Any CPU
		{3018FEB1-3D87-4566-93A0-A76613D0A984}.Release|Any CPU.ActiveCfg = Release|Any CPU
		{3018FEB1-3D87-4566-93A0-A76613D0A984}.Release|Any CPU.Build.0 = Release|Any CPU
		{3018FEB1-3D87-4566-93A0-A76613D0A984}.Release|x64.ActiveCfg = Release|Any CPU
		{3018FEB1-3D87-4566-93A0-A76613D0A984}.Release|x64.Build.0 = Release|Any CPU
		{3018FEB1-3D87-4566-93A0-A76613D0A984}.Release|x86.ActiveCfg = Release|Any CPU
		{3018FEB1-3D87-4566-93A0-A76613D0A984}.Release|x86.Build.0 = Release|Any CPU
		{28D15808-5D69-4656-96B3-1B4A17213866}.Debug|Any CPU.ActiveCfg = Debug|Any CPU
		{28D15808-5D69-4656-96B3-1B4A17213866}.Debug|Any CPU.Build.0 = Debug|Any CPU
		{28D15808-5D69-4656-96B3-1B4A17213866}.Debug|x64.ActiveCfg = Debug|Any CPU
		{28D15808-5D69-4656-96B3-1B4A17213866}.Debug|x64.Build.0 = Debug|Any CPU
		{28D15808-5D69-4656-96B3-1B4A17213866}.Debug|x86.ActiveCfg = Debug|Any CPU
		{28D15808-5D69-4656-96B3-1B4A17213866}.Debug|x86.Build.0 = Debug|Any CPU
		{28D15808-5D69-4656-96B3-1B4A17213866}.Release|Any CPU.ActiveCfg = Release|Any CPU
		{28D15808-5D69-4656-96B3-1B4A17213866}.Release|Any CPU.Build.0 = Release|Any CPU
		{28D15808-5D69-4656-96B3-1B4A17213866}.Release|x64.ActiveCfg = Release|Any CPU
		{28D15808-5D69-4656-96B3-1B4A17213866}.Release|x64.Build.0 = Release|Any CPU
		{28D15808-5D69-4656-96B3-1B4A17213866}.Release|x86.ActiveCfg = Release|Any CPU
		{28D15808-5D69-4656-96B3-1B4A17213866}.Release|x86.Build.0 = Release|Any CPU
		{2BFB7656-CA81-4B04-B705-798E649275D5}.Debug|Any CPU.ActiveCfg = Debug|Any CPU
		{2BFB7656-CA81-4B04-B705-798E649275D5}.Debug|Any CPU.Build.0 = Debug|Any CPU
		{2BFB7656-CA81-4B04-B705-798E649275D5}.Debug|x64.ActiveCfg = Debug|Any CPU
		{2BFB7656-CA81-4B04-B705-798E649275D5}.Debug|x64.Build.0 = Debug|Any CPU
		{2BFB7656-CA81-4B04-B705-798E649275D5}.Debug|x86.ActiveCfg = Debug|Any CPU
		{2BFB7656-CA81-4B04-B705-798E649275D5}.Debug|x86.Build.0 = Debug|Any CPU
		{2BFB7656-CA81-4B04-B705-798E649275D5}.Release|Any CPU.ActiveCfg = Release|Any CPU
		{2BFB7656-CA81-4B04-B705-798E649275D5}.Release|Any CPU.Build.0 = Release|Any CPU
		{2BFB7656-CA81-4B04-B705-798E649275D5}.Release|x64.ActiveCfg = Release|Any CPU
		{2BFB7656-CA81-4B04-B705-798E649275D5}.Release|x64.Build.0 = Release|Any CPU
		{2BFB7656-CA81-4B04-B705-798E649275D5}.Release|x86.ActiveCfg = Release|Any CPU
		{2BFB7656-CA81-4B04-B705-798E649275D5}.Release|x86.Build.0 = Release|Any CPU
		{296D30B3-CC75-4E1F-8210-F9FB14D28DAB}.Debug|Any CPU.ActiveCfg = Debug|Any CPU
		{296D30B3-CC75-4E1F-8210-F9FB14D28DAB}.Debug|Any CPU.Build.0 = Debug|Any CPU
		{296D30B3-CC75-4E1F-8210-F9FB14D28DAB}.Debug|x64.ActiveCfg = Debug|Any CPU
		{296D30B3-CC75-4E1F-8210-F9FB14D28DAB}.Debug|x64.Build.0 = Debug|Any CPU
		{296D30B3-CC75-4E1F-8210-F9FB14D28DAB}.Debug|x86.ActiveCfg = Debug|Any CPU
		{296D30B3-CC75-4E1F-8210-F9FB14D28DAB}.Debug|x86.Build.0 = Debug|Any CPU
		{296D30B3-CC75-4E1F-8210-F9FB14D28DAB}.Release|Any CPU.ActiveCfg = Release|Any CPU
		{296D30B3-CC75-4E1F-8210-F9FB14D28DAB}.Release|Any CPU.Build.0 = Release|Any CPU
		{296D30B3-CC75-4E1F-8210-F9FB14D28DAB}.Release|x64.ActiveCfg = Release|Any CPU
		{296D30B3-CC75-4E1F-8210-F9FB14D28DAB}.Release|x64.Build.0 = Release|Any CPU
		{296D30B3-CC75-4E1F-8210-F9FB14D28DAB}.Release|x86.ActiveCfg = Release|Any CPU
		{296D30B3-CC75-4E1F-8210-F9FB14D28DAB}.Release|x86.Build.0 = Release|Any CPU
		{9D4F9261-BC82-43C0-80AA-09748E125AB9}.Debug|Any CPU.ActiveCfg = Debug|Any CPU
		{9D4F9261-BC82-43C0-80AA-09748E125AB9}.Debug|Any CPU.Build.0 = Debug|Any CPU
		{9D4F9261-BC82-43C0-80AA-09748E125AB9}.Debug|x64.ActiveCfg = Debug|Any CPU
		{9D4F9261-BC82-43C0-80AA-09748E125AB9}.Debug|x64.Build.0 = Debug|Any CPU
		{9D4F9261-BC82-43C0-80AA-09748E125AB9}.Debug|x86.ActiveCfg = Debug|Any CPU
		{9D4F9261-BC82-43C0-80AA-09748E125AB9}.Debug|x86.Build.0 = Debug|Any CPU
		{9D4F9261-BC82-43C0-80AA-09748E125AB9}.Release|Any CPU.ActiveCfg = Release|Any CPU
		{9D4F9261-BC82-43C0-80AA-09748E125AB9}.Release|Any CPU.Build.0 = Release|Any CPU
		{9D4F9261-BC82-43C0-80AA-09748E125AB9}.Release|x64.ActiveCfg = Release|Any CPU
		{9D4F9261-BC82-43C0-80AA-09748E125AB9}.Release|x64.Build.0 = Release|Any CPU
		{9D4F9261-BC82-43C0-80AA-09748E125AB9}.Release|x86.ActiveCfg = Release|Any CPU
		{9D4F9261-BC82-43C0-80AA-09748E125AB9}.Release|x86.Build.0 = Release|Any CPU
		{33A1EB11-E3DC-4274-AAF0-1C2D559692C6}.Debug|Any CPU.ActiveCfg = Debug|Any CPU
		{33A1EB11-E3DC-4274-AAF0-1C2D559692C6}.Debug|Any CPU.Build.0 = Debug|Any CPU
		{33A1EB11-E3DC-4274-AAF0-1C2D559692C6}.Debug|x64.ActiveCfg = Debug|Any CPU
		{33A1EB11-E3DC-4274-AAF0-1C2D559692C6}.Debug|x64.Build.0 = Debug|Any CPU
		{33A1EB11-E3DC-4274-AAF0-1C2D559692C6}.Debug|x86.ActiveCfg = Debug|Any CPU
		{33A1EB11-E3DC-4274-AAF0-1C2D559692C6}.Debug|x86.Build.0 = Debug|Any CPU
		{33A1EB11-E3DC-4274-AAF0-1C2D559692C6}.Release|Any CPU.ActiveCfg = Release|Any CPU
		{33A1EB11-E3DC-4274-AAF0-1C2D559692C6}.Release|Any CPU.Build.0 = Release|Any CPU
		{33A1EB11-E3DC-4274-AAF0-1C2D559692C6}.Release|x64.ActiveCfg = Release|Any CPU
		{33A1EB11-E3DC-4274-AAF0-1C2D559692C6}.Release|x64.Build.0 = Release|Any CPU
		{33A1EB11-E3DC-4274-AAF0-1C2D559692C6}.Release|x86.ActiveCfg = Release|Any CPU
		{33A1EB11-E3DC-4274-AAF0-1C2D559692C6}.Release|x86.Build.0 = Release|Any CPU
		{EDC4B336-3ECC-461C-BAD5-99ED424D7662}.Debug|Any CPU.ActiveCfg = Debug|Any CPU
		{EDC4B336-3ECC-461C-BAD5-99ED424D7662}.Debug|Any CPU.Build.0 = Debug|Any CPU
		{EDC4B336-3ECC-461C-BAD5-99ED424D7662}.Debug|x64.ActiveCfg = Debug|Any CPU
		{EDC4B336-3ECC-461C-BAD5-99ED424D7662}.Debug|x64.Build.0 = Debug|Any CPU
		{EDC4B336-3ECC-461C-BAD5-99ED424D7662}.Debug|x86.ActiveCfg = Debug|Any CPU
		{EDC4B336-3ECC-461C-BAD5-99ED424D7662}.Debug|x86.Build.0 = Debug|Any CPU
		{EDC4B336-3ECC-461C-BAD5-99ED424D7662}.Release|Any CPU.ActiveCfg = Release|Any CPU
		{EDC4B336-3ECC-461C-BAD5-99ED424D7662}.Release|Any CPU.Build.0 = Release|Any CPU
		{EDC4B336-3ECC-461C-BAD5-99ED424D7662}.Release|x64.ActiveCfg = Release|Any CPU
		{EDC4B336-3ECC-461C-BAD5-99ED424D7662}.Release|x64.Build.0 = Release|Any CPU
		{EDC4B336-3ECC-461C-BAD5-99ED424D7662}.Release|x86.ActiveCfg = Release|Any CPU
		{EDC4B336-3ECC-461C-BAD5-99ED424D7662}.Release|x86.Build.0 = Release|Any CPU
		{12D14021-5642-4462-8117-5CD6613FFD72}.Debug|Any CPU.ActiveCfg = Debug|Any CPU
		{12D14021-5642-4462-8117-5CD6613FFD72}.Debug|Any CPU.Build.0 = Debug|Any CPU
		{12D14021-5642-4462-8117-5CD6613FFD72}.Debug|x64.ActiveCfg = Debug|Any CPU
		{12D14021-5642-4462-8117-5CD6613FFD72}.Debug|x64.Build.0 = Debug|Any CPU
		{12D14021-5642-4462-8117-5CD6613FFD72}.Debug|x86.ActiveCfg = Debug|Any CPU
		{12D14021-5642-4462-8117-5CD6613FFD72}.Debug|x86.Build.0 = Debug|Any CPU
		{12D14021-5642-4462-8117-5CD6613FFD72}.Release|Any CPU.ActiveCfg = Release|Any CPU
		{12D14021-5642-4462-8117-5CD6613FFD72}.Release|Any CPU.Build.0 = Release|Any CPU
		{12D14021-5642-4462-8117-5CD6613FFD72}.Release|x64.ActiveCfg = Release|Any CPU
		{12D14021-5642-4462-8117-5CD6613FFD72}.Release|x64.Build.0 = Release|Any CPU
		{12D14021-5642-4462-8117-5CD6613FFD72}.Release|x86.ActiveCfg = Release|Any CPU
		{12D14021-5642-4462-8117-5CD6613FFD72}.Release|x86.Build.0 = Release|Any CPU
		{85C1942B-D622-496D-944B-11FECF9D0AC7}.Debug|Any CPU.ActiveCfg = Debug|Any CPU
		{85C1942B-D622-496D-944B-11FECF9D0AC7}.Debug|Any CPU.Build.0 = Debug|Any CPU
		{85C1942B-D622-496D-944B-11FECF9D0AC7}.Debug|x64.ActiveCfg = Debug|Any CPU
		{85C1942B-D622-496D-944B-11FECF9D0AC7}.Debug|x64.Build.0 = Debug|Any CPU
		{85C1942B-D622-496D-944B-11FECF9D0AC7}.Debug|x86.ActiveCfg = Debug|Any CPU
		{85C1942B-D622-496D-944B-11FECF9D0AC7}.Debug|x86.Build.0 = Debug|Any CPU
		{85C1942B-D622-496D-944B-11FECF9D0AC7}.Release|Any CPU.ActiveCfg = Release|Any CPU
		{85C1942B-D622-496D-944B-11FECF9D0AC7}.Release|Any CPU.Build.0 = Release|Any CPU
		{85C1942B-D622-496D-944B-11FECF9D0AC7}.Release|x64.ActiveCfg = Release|Any CPU
		{85C1942B-D622-496D-944B-11FECF9D0AC7}.Release|x64.Build.0 = Release|Any CPU
		{85C1942B-D622-496D-944B-11FECF9D0AC7}.Release|x86.ActiveCfg = Release|Any CPU
		{85C1942B-D622-496D-944B-11FECF9D0AC7}.Release|x86.Build.0 = Release|Any CPU
		{B23226B4-47DB-4701-AD5B-E11B74EB4CCE}.Debug|Any CPU.ActiveCfg = Debug|Any CPU
		{B23226B4-47DB-4701-AD5B-E11B74EB4CCE}.Debug|Any CPU.Build.0 = Debug|Any CPU
		{B23226B4-47DB-4701-AD5B-E11B74EB4CCE}.Debug|x64.ActiveCfg = Debug|Any CPU
		{B23226B4-47DB-4701-AD5B-E11B74EB4CCE}.Debug|x64.Build.0 = Debug|Any CPU
		{B23226B4-47DB-4701-AD5B-E11B74EB4CCE}.Debug|x86.ActiveCfg = Debug|Any CPU
		{B23226B4-47DB-4701-AD5B-E11B74EB4CCE}.Debug|x86.Build.0 = Debug|Any CPU
		{B23226B4-47DB-4701-AD5B-E11B74EB4CCE}.Release|Any CPU.ActiveCfg = Release|Any CPU
		{B23226B4-47DB-4701-AD5B-E11B74EB4CCE}.Release|Any CPU.Build.0 = Release|Any CPU
		{B23226B4-47DB-4701-AD5B-E11B74EB4CCE}.Release|x64.ActiveCfg = Release|Any CPU
		{B23226B4-47DB-4701-AD5B-E11B74EB4CCE}.Release|x64.Build.0 = Release|Any CPU
		{B23226B4-47DB-4701-AD5B-E11B74EB4CCE}.Release|x86.ActiveCfg = Release|Any CPU
		{B23226B4-47DB-4701-AD5B-E11B74EB4CCE}.Release|x86.Build.0 = Release|Any CPU
		{60E8493B-3EEB-45F2-B86F-9624CE3795C0}.Debug|Any CPU.ActiveCfg = Debug|Any CPU
		{60E8493B-3EEB-45F2-B86F-9624CE3795C0}.Debug|Any CPU.Build.0 = Debug|Any CPU
		{60E8493B-3EEB-45F2-B86F-9624CE3795C0}.Debug|x64.ActiveCfg = Debug|Any CPU
		{60E8493B-3EEB-45F2-B86F-9624CE3795C0}.Debug|x64.Build.0 = Debug|Any CPU
		{60E8493B-3EEB-45F2-B86F-9624CE3795C0}.Debug|x86.ActiveCfg = Debug|Any CPU
		{60E8493B-3EEB-45F2-B86F-9624CE3795C0}.Debug|x86.Build.0 = Debug|Any CPU
		{60E8493B-3EEB-45F2-B86F-9624CE3795C0}.Release|Any CPU.ActiveCfg = Release|Any CPU
		{60E8493B-3EEB-45F2-B86F-9624CE3795C0}.Release|Any CPU.Build.0 = Release|Any CPU
		{60E8493B-3EEB-45F2-B86F-9624CE3795C0}.Release|x64.ActiveCfg = Release|Any CPU
		{60E8493B-3EEB-45F2-B86F-9624CE3795C0}.Release|x64.Build.0 = Release|Any CPU
		{60E8493B-3EEB-45F2-B86F-9624CE3795C0}.Release|x86.ActiveCfg = Release|Any CPU
		{60E8493B-3EEB-45F2-B86F-9624CE3795C0}.Release|x86.Build.0 = Release|Any CPU
		{DB80B3F5-E7D5-4C15-BF27-BC29477C76A5}.Debug|Any CPU.ActiveCfg = Debug|Any CPU
		{DB80B3F5-E7D5-4C15-BF27-BC29477C76A5}.Debug|Any CPU.Build.0 = Debug|Any CPU
		{DB80B3F5-E7D5-4C15-BF27-BC29477C76A5}.Debug|x64.ActiveCfg = Debug|Any CPU
		{DB80B3F5-E7D5-4C15-BF27-BC29477C76A5}.Debug|x64.Build.0 = Debug|Any CPU
		{DB80B3F5-E7D5-4C15-BF27-BC29477C76A5}.Debug|x86.ActiveCfg = Debug|Any CPU
		{DB80B3F5-E7D5-4C15-BF27-BC29477C76A5}.Debug|x86.Build.0 = Debug|Any CPU
		{DB80B3F5-E7D5-4C15-BF27-BC29477C76A5}.Release|Any CPU.ActiveCfg = Release|Any CPU
		{DB80B3F5-E7D5-4C15-BF27-BC29477C76A5}.Release|Any CPU.Build.0 = Release|Any CPU
		{DB80B3F5-E7D5-4C15-BF27-BC29477C76A5}.Release|x64.ActiveCfg = Release|Any CPU
		{DB80B3F5-E7D5-4C15-BF27-BC29477C76A5}.Release|x64.Build.0 = Release|Any CPU
		{DB80B3F5-E7D5-4C15-BF27-BC29477C76A5}.Release|x86.ActiveCfg = Release|Any CPU
		{DB80B3F5-E7D5-4C15-BF27-BC29477C76A5}.Release|x86.Build.0 = Release|Any CPU
		{CFA8B1E8-9677-4D06-A41A-51105840C074}.Debug|Any CPU.ActiveCfg = Debug|Any CPU
		{CFA8B1E8-9677-4D06-A41A-51105840C074}.Debug|Any CPU.Build.0 = Debug|Any CPU
		{CFA8B1E8-9677-4D06-A41A-51105840C074}.Debug|x64.ActiveCfg = Debug|Any CPU
		{CFA8B1E8-9677-4D06-A41A-51105840C074}.Debug|x64.Build.0 = Debug|Any CPU
		{CFA8B1E8-9677-4D06-A41A-51105840C074}.Debug|x86.ActiveCfg = Debug|Any CPU
		{CFA8B1E8-9677-4D06-A41A-51105840C074}.Debug|x86.Build.0 = Debug|Any CPU
		{CFA8B1E8-9677-4D06-A41A-51105840C074}.Release|Any CPU.ActiveCfg = Release|Any CPU
		{CFA8B1E8-9677-4D06-A41A-51105840C074}.Release|Any CPU.Build.0 = Release|Any CPU
		{CFA8B1E8-9677-4D06-A41A-51105840C074}.Release|x64.ActiveCfg = Release|Any CPU
		{CFA8B1E8-9677-4D06-A41A-51105840C074}.Release|x64.Build.0 = Release|Any CPU
		{CFA8B1E8-9677-4D06-A41A-51105840C074}.Release|x86.ActiveCfg = Release|Any CPU
		{CFA8B1E8-9677-4D06-A41A-51105840C074}.Release|x86.Build.0 = Release|Any CPU
		{6980E9A2-DD26-4E22-BDC2-BFEDBCE30305}.Debug|Any CPU.ActiveCfg = Debug|Any CPU
		{6980E9A2-DD26-4E22-BDC2-BFEDBCE30305}.Debug|Any CPU.Build.0 = Debug|Any CPU
		{6980E9A2-DD26-4E22-BDC2-BFEDBCE30305}.Debug|x64.ActiveCfg = Debug|Any CPU
		{6980E9A2-DD26-4E22-BDC2-BFEDBCE30305}.Debug|x64.Build.0 = Debug|Any CPU
		{6980E9A2-DD26-4E22-BDC2-BFEDBCE30305}.Debug|x86.ActiveCfg = Debug|Any CPU
		{6980E9A2-DD26-4E22-BDC2-BFEDBCE30305}.Debug|x86.Build.0 = Debug|Any CPU
		{6980E9A2-DD26-4E22-BDC2-BFEDBCE30305}.Release|Any CPU.ActiveCfg = Release|Any CPU
		{6980E9A2-DD26-4E22-BDC2-BFEDBCE30305}.Release|Any CPU.Build.0 = Release|Any CPU
		{6980E9A2-DD26-4E22-BDC2-BFEDBCE30305}.Release|x64.ActiveCfg = Release|Any CPU
		{6980E9A2-DD26-4E22-BDC2-BFEDBCE30305}.Release|x64.Build.0 = Release|Any CPU
		{6980E9A2-DD26-4E22-BDC2-BFEDBCE30305}.Release|x86.ActiveCfg = Release|Any CPU
		{6980E9A2-DD26-4E22-BDC2-BFEDBCE30305}.Release|x86.Build.0 = Release|Any CPU
		{583296F7-26D2-451C-BEE2-386B343DFA6D}.Debug|Any CPU.ActiveCfg = Debug|Any CPU
		{583296F7-26D2-451C-BEE2-386B343DFA6D}.Debug|Any CPU.Build.0 = Debug|Any CPU
		{583296F7-26D2-451C-BEE2-386B343DFA6D}.Debug|x64.ActiveCfg = Debug|Any CPU
		{583296F7-26D2-451C-BEE2-386B343DFA6D}.Debug|x64.Build.0 = Debug|Any CPU
		{583296F7-26D2-451C-BEE2-386B343DFA6D}.Debug|x86.ActiveCfg = Debug|Any CPU
		{583296F7-26D2-451C-BEE2-386B343DFA6D}.Debug|x86.Build.0 = Debug|Any CPU
		{583296F7-26D2-451C-BEE2-386B343DFA6D}.Release|Any CPU.ActiveCfg = Release|Any CPU
		{583296F7-26D2-451C-BEE2-386B343DFA6D}.Release|Any CPU.Build.0 = Release|Any CPU
		{583296F7-26D2-451C-BEE2-386B343DFA6D}.Release|x64.ActiveCfg = Release|Any CPU
		{583296F7-26D2-451C-BEE2-386B343DFA6D}.Release|x64.Build.0 = Release|Any CPU
		{583296F7-26D2-451C-BEE2-386B343DFA6D}.Release|x86.ActiveCfg = Release|Any CPU
		{583296F7-26D2-451C-BEE2-386B343DFA6D}.Release|x86.Build.0 = Release|Any CPU
		{187E01F4-2462-40A9-B486-00EEC9D6581C}.Debug|Any CPU.ActiveCfg = Debug|Any CPU
		{187E01F4-2462-40A9-B486-00EEC9D6581C}.Debug|Any CPU.Build.0 = Debug|Any CPU
		{187E01F4-2462-40A9-B486-00EEC9D6581C}.Debug|x64.ActiveCfg = Debug|Any CPU
		{187E01F4-2462-40A9-B486-00EEC9D6581C}.Debug|x64.Build.0 = Debug|Any CPU
		{187E01F4-2462-40A9-B486-00EEC9D6581C}.Debug|x86.ActiveCfg = Debug|Any CPU
		{187E01F4-2462-40A9-B486-00EEC9D6581C}.Debug|x86.Build.0 = Debug|Any CPU
		{187E01F4-2462-40A9-B486-00EEC9D6581C}.Release|Any CPU.ActiveCfg = Release|Any CPU
		{187E01F4-2462-40A9-B486-00EEC9D6581C}.Release|Any CPU.Build.0 = Release|Any CPU
		{187E01F4-2462-40A9-B486-00EEC9D6581C}.Release|x64.ActiveCfg = Release|Any CPU
		{187E01F4-2462-40A9-B486-00EEC9D6581C}.Release|x64.Build.0 = Release|Any CPU
		{187E01F4-2462-40A9-B486-00EEC9D6581C}.Release|x86.ActiveCfg = Release|Any CPU
		{187E01F4-2462-40A9-B486-00EEC9D6581C}.Release|x86.Build.0 = Release|Any CPU
		{FC5CF1D7-9A12-467F-BD5E-A874248886B6}.Debug|Any CPU.ActiveCfg = Debug|Any CPU
		{FC5CF1D7-9A12-467F-BD5E-A874248886B6}.Debug|Any CPU.Build.0 = Debug|Any CPU
		{FC5CF1D7-9A12-467F-BD5E-A874248886B6}.Debug|x64.ActiveCfg = Debug|Any CPU
		{FC5CF1D7-9A12-467F-BD5E-A874248886B6}.Debug|x64.Build.0 = Debug|Any CPU
		{FC5CF1D7-9A12-467F-BD5E-A874248886B6}.Debug|x86.ActiveCfg = Debug|Any CPU
		{FC5CF1D7-9A12-467F-BD5E-A874248886B6}.Debug|x86.Build.0 = Debug|Any CPU
		{FC5CF1D7-9A12-467F-BD5E-A874248886B6}.Release|Any CPU.ActiveCfg = Release|Any CPU
		{FC5CF1D7-9A12-467F-BD5E-A874248886B6}.Release|Any CPU.Build.0 = Release|Any CPU
		{FC5CF1D7-9A12-467F-BD5E-A874248886B6}.Release|x64.ActiveCfg = Release|Any CPU
		{FC5CF1D7-9A12-467F-BD5E-A874248886B6}.Release|x64.Build.0 = Release|Any CPU
		{FC5CF1D7-9A12-467F-BD5E-A874248886B6}.Release|x86.ActiveCfg = Release|Any CPU
		{FC5CF1D7-9A12-467F-BD5E-A874248886B6}.Release|x86.Build.0 = Release|Any CPU
	EndGlobalSection
	GlobalSection(SolutionProperties) = preSolution
		HideSolutionNode = FALSE
	EndGlobalSection
	GlobalSection(NestedProjects) = preSolution
		{62ACE01E-0814-41F5-B602-5BC697529C08} = {4F52FD11-658E-A102-6CD3-7D7C16FFA15B}
		{25B48B9D-4C49-4C6D-A9B4-E9750709EFC9} = {568E08D9-C627-9D87-BF1B-5CE72DAF60E7}
		{37862F09-BCF3-4632-AF7C-A582099DBB78} = {568E08D9-C627-9D87-BF1B-5CE72DAF60E7}
		{9B88FD59-36D9-4995-819C-19BDACF5F794} = {568E08D9-C627-9D87-BF1B-5CE72DAF60E7}
		{3018FEB1-3D87-4566-93A0-A76613D0A984} = {568E08D9-C627-9D87-BF1B-5CE72DAF60E7}
		{28D15808-5D69-4656-96B3-1B4A17213866} = {0AB3BF05-4346-4AA6-1389-037BE0695223}
		{2BFB7656-CA81-4B04-B705-798E649275D5} = {752EEFC6-94E2-3993-0A0E-8EA683D58940}
		{296D30B3-CC75-4E1F-8210-F9FB14D28DAB} = {752EEFC6-94E2-3993-0A0E-8EA683D58940}
		{9D4F9261-BC82-43C0-80AA-09748E125AB9} = {752EEFC6-94E2-3993-0A0E-8EA683D58940}
		{33A1EB11-E3DC-4274-AAF0-1C2D559692C6} = {752EEFC6-94E2-3993-0A0E-8EA683D58940}
		{EDC4B336-3ECC-461C-BAD5-99ED424D7662} = {0AB3BF05-4346-4AA6-1389-037BE0695223}
		{12D14021-5642-4462-8117-5CD6613FFD72} = {F9C07279-9FC2-56E5-BB47-2338B3B825A0}
		{85C1942B-D622-496D-944B-11FECF9D0AC7} = {F9C07279-9FC2-56E5-BB47-2338B3B825A0}
		{B23226B4-47DB-4701-AD5B-E11B74EB4CCE} = {F9C07279-9FC2-56E5-BB47-2338B3B825A0}
		{60E8493B-3EEB-45F2-B86F-9624CE3795C0} = {F9C07279-9FC2-56E5-BB47-2338B3B825A0}
		{5587762D-8488-1E3B-5EC2-8F95371948CA} = {F9C07279-9FC2-56E5-BB47-2338B3B825A0}
		{DB80B3F5-E7D5-4C15-BF27-BC29477C76A5} = {5587762D-8488-1E3B-5EC2-8F95371948CA}
		{CFA8B1E8-9677-4D06-A41A-51105840C074} = {CDDCADCD-9350-8E22-D67F-1D4576D8025F}
		{6980E9A2-DD26-4E22-BDC2-BFEDBCE30305} = {CDDCADCD-9350-8E22-D67F-1D4576D8025F}
		{583296F7-26D2-451C-BEE2-386B343DFA6D} = {CDDCADCD-9350-8E22-D67F-1D4576D8025F}
		{187E01F4-2462-40A9-B486-00EEC9D6581C} = {CDDCADCD-9350-8E22-D67F-1D4576D8025F}
		{FCFCDEA7-496D-8083-06CE-DC02DC45CE93} = {CDDCADCD-9350-8E22-D67F-1D4576D8025F}
		{FC5CF1D7-9A12-467F-BD5E-A874248886B6} = {FCFCDEA7-496D-8083-06CE-DC02DC45CE93}
	EndGlobalSection
EndGlobal
